
Microsoft Visual Studio Solution File, Format Version 12.00
# Visual Studio 15
VisualStudioVersion = 15.0.27703.2026
MinimumVisualStudioVersion = 10.0.40219.1
Project("{9A19103F-16F7-4668-BE54-9A1E7A4F7556}") = "ChallengesOne", "ChallengesOne\ChallengesOne.csproj", "{A2B560BE-E4CA-44F1-9AFF-574240044DA2}"
EndProject
Project("{9A19103F-16F7-4668-BE54-9A1E7A4F7556}") = "ChallengesTwo", "ChallengesTwo\ChallengesTwo.csproj", "{9D084363-5490-4A0D-A986-F720240936A8}"
EndProject
Project("{9A19103F-16F7-4668-BE54-9A1E7A4F7556}") = "ChallengesThree", "ChallengesThree\ChallengesThree.csproj", "{ED11FE50-75BD-459E-92C5-52B6A1130AA6}"
EndProject
Project("{9A19103F-16F7-4668-BE54-9A1E7A4F7556}") = "Oops", "Oops\Oops.csproj", "{5B004833-0178-4B70-BE39-03F0DB1F85DB}"
EndProject
Project("{9A19103F-16F7-4668-BE54-9A1E7A4F7556}") = "Consol", "Consol\Consol.csproj", "{9F1D6377-9C50-4824-9918-09FFDFE9A88D}"
EndProject
Project("{FAE04EC0-301F-11D3-BF4B-00C04F79EFBC}") = "AssignmentOneQueue", "AssignmentOneQueue\AssignmentOneQueue.csproj", "{92DED1B6-E617-4658-A493-080B89850948}"
EndProject
Global
	GlobalSection(SolutionConfigurationPlatforms) = preSolution
		Debug|Any CPU = Debug|Any CPU
		Release|Any CPU = Release|Any CPU
	EndGlobalSection
	GlobalSection(ProjectConfigurationPlatforms) = postSolution
		{A2B560BE-E4CA-44F1-9AFF-574240044DA2}.Debug|Any CPU.ActiveCfg = Debug|Any CPU
		{A2B560BE-E4CA-44F1-9AFF-574240044DA2}.Debug|Any CPU.Build.0 = Debug|Any CPU
		{A2B560BE-E4CA-44F1-9AFF-574240044DA2}.Release|Any CPU.ActiveCfg = Release|Any CPU
		{A2B560BE-E4CA-44F1-9AFF-574240044DA2}.Release|Any CPU.Build.0 = Release|Any CPU
		{9D084363-5490-4A0D-A986-F720240936A8}.Debug|Any CPU.ActiveCfg = Debug|Any CPU
		{9D084363-5490-4A0D-A986-F720240936A8}.Debug|Any CPU.Build.0 = Debug|Any CPU
		{9D084363-5490-4A0D-A986-F720240936A8}.Release|Any CPU.ActiveCfg = Release|Any CPU
		{9D084363-5490-4A0D-A986-F720240936A8}.Release|Any CPU.Build.0 = Release|Any CPU
		{ED11FE50-75BD-459E-92C5-52B6A1130AA6}.Debug|Any CPU.ActiveCfg = Debug|Any CPU
		{ED11FE50-75BD-459E-92C5-52B6A1130AA6}.Debug|Any CPU.Build.0 = Debug|Any CPU
		{ED11FE50-75BD-459E-92C5-52B6A1130AA6}.Release|Any CPU.ActiveCfg = Release|Any CPU
		{ED11FE50-75BD-459E-92C5-52B6A1130AA6}.Release|Any CPU.Build.0 = Release|Any CPU
		{5B004833-0178-4B70-BE39-03F0DB1F85DB}.Debug|Any CPU.ActiveCfg = Debug|Any CPU
		{5B004833-0178-4B70-BE39-03F0DB1F85DB}.Debug|Any CPU.Build.0 = Debug|Any CPU
		{5B004833-0178-4B70-BE39-03F0DB1F85DB}.Release|Any CPU.ActiveCfg = Release|Any CPU
		{5B004833-0178-4B70-BE39-03F0DB1F85DB}.Release|Any CPU.Build.0 = Release|Any CPU
		{9F1D6377-9C50-4824-9918-09FFDFE9A88D}.Debug|Any CPU.ActiveCfg = Debug|Any CPU
		{9F1D6377-9C50-4824-9918-09FFDFE9A88D}.Debug|Any CPU.Build.0 = Debug|Any CPU
		{9F1D6377-9C50-4824-9918-09FFDFE9A88D}.Release|Any CPU.ActiveCfg = Release|Any CPU
		{9F1D6377-9C50-4824-9918-09FFDFE9A88D}.Release|Any CPU.Build.0 = Release|Any CPU
		{92DED1B6-E617-4658-A493-080B89850948}.Debug|Any CPU.ActiveCfg = Debug|Any CPU
		{92DED1B6-E617-4658-A493-080B89850948}.Debug|Any CPU.Build.0 = Debug|Any CPU
		{92DED1B6-E617-4658-A493-080B89850948}.Release|Any CPU.ActiveCfg = Release|Any CPU
		{92DED1B6-E617-4658-A493-080B89850948}.Release|Any CPU.Build.0 = Release|Any CPU
	EndGlobalSection
	GlobalSection(SolutionProperties) = preSolution
		HideSolutionNode = FALSE
	EndGlobalSection
	GlobalSection(ExtensibilityGlobals) = postSolution
		SolutionGuid = {87B520A5-7B7E-468B-B3BB-583799A2B5BC}
	EndGlobalSection
EndGlobal
